
Microsoft Visual Studio Solution File, Format Version 12.00
Project("{FAE04EC0-301F-11D3-BF4B-00C04F79EFBC}") = "WpfApp1", "WpfApp1\WpfApp1.csproj", "{856BEF69-9E69-46A5-A5BE-E950B08A520C}"
EndProject
Global
	GlobalSection(SolutionConfigurationPlatforms) = preSolution
		Debug|Any CPU = Debug|Any CPU
		Release|Any CPU = Release|Any CPU
	EndGlobalSection
	GlobalSection(ProjectConfigurationPlatforms) = postSolution
		{856BEF69-9E69-46A5-A5BE-E950B08A520C}.Debug|Any CPU.ActiveCfg = Debug|Any CPU
		{856BEF69-9E69-46A5-A5BE-E950B08A520C}.Debug|Any CPU.Build.0 = Debug|Any CPU
		{856BEF69-9E69-46A5-A5BE-E950B08A520C}.Release|Any CPU.ActiveCfg = Release|Any CPU
		{856BEF69-9E69-46A5-A5BE-E950B08A520C}.Release|Any CPU.Build.0 = Release|Any CPU
	EndGlobalSection
EndGlobal
